
Microsoft Visual Studio Solution File, Format Version 12.00
# Visual Studio 15
Project("{FAE04EC0-301F-11D3-BF4B-00C04F79EFBC}") = "SignUpDaily.Android", "SignUpDaily.Android\SignUpDaily.Android.csproj", "{5653677B-02C5-49DE-B4E6-32435FFBCD49}"
EndProject
Project("{FAE04EC0-301F-11D3-BF4B-00C04F79EFBC}") = "SignUpDaily.iOS", "SignUpDaily.iOS\SignUpDaily.iOS.csproj", "{39CC3FA8-EC58-45E5-8AEA-C1BE381F339A}"
EndProject
Project("{FAE04EC0-301F-11D3-BF4B-00C04F79EFBC}") = "SignUpDaily", "SignUpDaily\SignUpDaily.csproj", "{DE6B753D-ED6A-427D-9D20-98A4A7B71661}"
EndProject
Global
	GlobalSection(SolutionConfigurationPlatforms) = preSolution
		Debug|Any CPU = Debug|Any CPU
		Release|Any CPU = Release|Any CPU
		Debug|iPhoneSimulator = Debug|iPhoneSimulator
		Release|iPhoneSimulator = Release|iPhoneSimulator
		Debug|iPhone = Debug|iPhone
		Release|iPhone = Release|iPhone
	EndGlobalSection
	GlobalSection(ProjectConfigurationPlatforms) = postSolution
		{5653677B-02C5-49DE-B4E6-32435FFBCD49}.Debug|Any CPU.ActiveCfg = Debug|Any CPU
		{5653677B-02C5-49DE-B4E6-32435FFBCD49}.Debug|Any CPU.Build.0 = Debug|Any CPU
		{5653677B-02C5-49DE-B4E6-32435FFBCD49}.Release|Any CPU.ActiveCfg = Release|Any CPU
		{5653677B-02C5-49DE-B4E6-32435FFBCD49}.Release|Any CPU.Build.0 = Release|Any CPU
		{5653677B-02C5-49DE-B4E6-32435FFBCD49}.Debug|iPhoneSimulator.ActiveCfg = Debug|Any CPU
		{5653677B-02C5-49DE-B4E6-32435FFBCD49}.Debug|iPhoneSimulator.Build.0 = Debug|Any CPU
		{5653677B-02C5-49DE-B4E6-32435FFBCD49}.Release|iPhoneSimulator.ActiveCfg = Release|Any CPU
		{5653677B-02C5-49DE-B4E6-32435FFBCD49}.Release|iPhoneSimulator.Build.0 = Release|Any CPU
		{5653677B-02C5-49DE-B4E6-32435FFBCD49}.Debug|iPhone.ActiveCfg = Debug|Any CPU
		{5653677B-02C5-49DE-B4E6-32435FFBCD49}.Debug|iPhone.Build.0 = Debug|Any CPU
		{5653677B-02C5-49DE-B4E6-32435FFBCD49}.Release|iPhone.ActiveCfg = Release|Any CPU
		{5653677B-02C5-49DE-B4E6-32435FFBCD49}.Release|iPhone.Build.0 = Release|Any CPU
		{39CC3FA8-EC58-45E5-8AEA-C1BE381F339A}.Debug|Any CPU.ActiveCfg = Debug|iPhoneSimulator
		{39CC3FA8-EC58-45E5-8AEA-C1BE381F339A}.Debug|Any CPU.Build.0 = Debug|iPhoneSimulator
		{39CC3FA8-EC58-45E5-8AEA-C1BE381F339A}.Release|Any CPU.ActiveCfg = Release|iPhoneSimulator
		{39CC3FA8-EC58-45E5-8AEA-C1BE381F339A}.Release|Any CPU.Build.0 = Release|iPhoneSimulator
		{39CC3FA8-EC58-45E5-8AEA-C1BE381F339A}.Debug|iPhoneSimulator.ActiveCfg = Debug|iPhoneSimulator
		{39CC3FA8-EC58-45E5-8AEA-C1BE381F339A}.Debug|iPhoneSimulator.Build.0 = Debug|iPhoneSimulator
		{39CC3FA8-EC58-45E5-8AEA-C1BE381F339A}.Release|iPhoneSimulator.ActiveCfg = Release|iPhoneSimulator
		{39CC3FA8-EC58-45E5-8AEA-C1BE381F339A}.Release|iPhoneSimulator.Build.0 = Release|iPhoneSimulator
		{39CC3FA8-EC58-45E5-8AEA-C1BE381F339A}.Debug|iPhone.ActiveCfg = Debug|iPhone
		{39CC3FA8-EC58-45E5-8AEA-C1BE381F339A}.Debug|iPhone.Build.0 = Debug|iPhone
		{39CC3FA8-EC58-45E5-8AEA-C1BE381F339A}.Release|iPhone.ActiveCfg = Release|iPhone
		{39CC3FA8-EC58-45E5-8AEA-C1BE381F339A}.Release|iPhone.Build.0 = Release|iPhone
		{DE6B753D-ED6A-427D-9D20-98A4A7B71661}.Debug|Any CPU.ActiveCfg = Debug|Any CPU
		{DE6B753D-ED6A-427D-9D20-98A4A7B71661}.Debug|Any CPU.Build.0 = Debug|Any CPU
		{DE6B753D-ED6A-427D-9D20-98A4A7B71661}.Release|Any CPU.ActiveCfg = Release|Any CPU
		{DE6B753D-ED6A-427D-9D20-98A4A7B71661}.Release|Any CPU.Build.0 = Release|Any CPU
		{DE6B753D-ED6A-427D-9D20-98A4A7B71661}.Debug|iPhoneSimulator.ActiveCfg = Debug|Any CPU
		{DE6B753D-ED6A-427D-9D20-98A4A7B71661}.Debug|iPhoneSimulator.Build.0 = Debug|Any CPU
		{DE6B753D-ED6A-427D-9D20-98A4A7B71661}.Release|iPhoneSimulator.ActiveCfg = Release|Any CPU
		{DE6B753D-ED6A-427D-9D20-98A4A7B71661}.Release|iPhoneSimulator.Build.0 = Release|Any CPU
		{DE6B753D-ED6A-427D-9D20-98A4A7B71661}.Debug|iPhone.ActiveCfg = Debug|Any CPU
		{DE6B753D-ED6A-427D-9D20-98A4A7B71661}.Debug|iPhone.Build.0 = Debug|Any CPU
		{DE6B753D-ED6A-427D-9D20-98A4A7B71661}.Release|iPhone.ActiveCfg = Release|Any CPU
		{DE6B753D-ED6A-427D-9D20-98A4A7B71661}.Release|iPhone.Build.0 = Release|Any CPU
	EndGlobalSection
EndGlobal
